// !$*UTF8*$!
{
	archiveVersion = 1;
	classes = {
	};
	objectVersion = 46;
	objects = {
/* Begin PBXBuildFile section */
		0207DA581B56EA530066E2B4 /* Images.xcassets in Resources */ = {isa = PBXBuildFile; fileRef = 0207DA571B56EA530066E2B4 /* Images.xcassets */; };
		1D3623260D0F684500981E51 /* AppDelegate.m in Sources */ = {isa = PBXBuildFile; fileRef = 1D3623250D0F684500981E51 /* AppDelegate.m */; };
		1D60589B0D05DD56006BFB54 /* main.m in Sources */ = {isa = PBXBuildFile; fileRef = 29B97316FDCFA39411CA2CEA /* main.m */; };
		301BF552109A68D80062928A /* libCordova.a in Frameworks */ = {isa = PBXBuildFile; fileRef = 301BF535109A57CC0062928A /* libCordova.a */; };
		302D95F114D2391D003F00A1 /* MainViewController.m in Sources */ = {isa = PBXBuildFile; fileRef = 302D95EF14D2391D003F00A1 /* MainViewController.m */; };
		302D95F214D2391D003F00A1 /* MainViewController.xib in Resources */ = {isa = PBXBuildFile; fileRef = 302D95F014D2391D003F00A1 /* MainViewController.xib */; };
		3047A5121AB8059700498E2A /* build-debug.xcconfig in Resources */ = {isa = PBXBuildFile; fileRef = 3047A50F1AB8059700498E2A /* build-debug.xcconfig */; };
		3047A5131AB8059700498E2A /* build-release.xcconfig in Resources */ = {isa = PBXBuildFile; fileRef = 3047A5101AB8059700498E2A /* build-release.xcconfig */; };
		3047A5141AB8059700498E2A /* build.xcconfig in Resources */ = {isa = PBXBuildFile; fileRef = 3047A5111AB8059700498E2A /* build.xcconfig */; };
		26EEA9B91576405483346C0F /* CDVDevice.m in Sources */ = {isa = PBXBuildFile; fileRef = F52545F3512D46779848169E /* CDVDevice.m */; };
		3C0326749D194B1CB2B628F3 /* APPBackgroundMode.m in Sources */ = {isa = PBXBuildFile; fileRef = 2F90E554EAEF45A19D9F3ABF /* APPBackgroundMode.m */; };
		DBFAF45698624823882087AB /* APPMethodMagic.m in Sources */ = {isa = PBXBuildFile; fileRef = E9F56D09D5074DAB803A9163 /* APPMethodMagic.m */; };
		683D3ED0526345F291E9015B /* appbeep.wav in Resources */ = {isa = PBXBuildFile; fileRef = C3B0B82F2B0A45D0BFAA22FF /* appbeep.wav */; };
		1BE82A8871FE420C919065AF /* CDVLogger.m in Sources */ = {isa = PBXBuildFile; fileRef = 5938D4E494274114BB732E6F /* CDVLogger.m */; };
		8A27BAEAFBAA47F1BEA54BB0 /* FacebookConnectPlugin.m in Sources */ = {isa = PBXBuildFile; fileRef = 23070B93E9CB4109BFFC1710 /* FacebookConnectPlugin.m */; };
		6F50288FC0CC479CAFF790FD /* Bolts.framework in Frameworks */ = {isa = PBXBuildFile; fileRef = 1FDCA0D0566B4A44813BFDEC /* Bolts.framework */; };
		527BBBCA38684E2782321DAB /* FBSDKCoreKit.framework in Frameworks */ = {isa = PBXBuildFile; fileRef = 0DFC13A1FEF94D40AEBC667C /* FBSDKCoreKit.framework */; };
		C1CE3541698248E5B0F27E42 /* FBSDKLoginKit.framework in Frameworks */ = {isa = PBXBuildFile; fileRef = 79A3D2AEFB8B4F849A5B9ECB /* FBSDKLoginKit.framework */; };
		C8564B0077B744CCB5F104C1 /* FBSDKShareKit.framework in Frameworks */ = {isa = PBXBuildFile; fileRef = 33617FFF545C490982E89FB1 /* FBSDKShareKit.framework */; };
		01EFE874803B4991AA01CEDE /* CDVLocation.m in Sources */ = {isa = PBXBuildFile; fileRef = 138F60E2A7594AFA983BBCDC /* CDVLocation.m */; };
		5B6F21D81A4D4F04A831DC08 /* CoreLocation.framework in Frameworks */ = {isa = PBXBuildFile; fileRef = 304CD6C3E4F349368F239D49 /* CoreLocation.framework */; };
		2FDDE22A6A81457AA8DEF9C8 /* GooglePlus.m in Sources */ = {isa = PBXBuildFile; fileRef = 9FAD8E64285048FE91F8798D /* GooglePlus.m */; };
		6077174592BF456295CF7519 /* GoogleAppUtilities.framework in Frameworks */ = {isa = PBXBuildFile; fileRef = 77C3B98048A94AC6926A8B80 /* GoogleAppUtilities.framework */; };
		0D69A4D4A1634947B99E0010 /* GoogleAuthUtilities.framework in Frameworks */ = {isa = PBXBuildFile; fileRef = 27E5ED97FB60413583578322 /* GoogleAuthUtilities.framework */; };
		979E06E3B73D4562BDF67382 /* GoogleNetworkingUtilities.framework in Frameworks */ = {isa = PBXBuildFile; fileRef = 31590C2B8FD046279C68D0BA /* GoogleNetworkingUtilities.framework */; };
		8AB6F6A5AF4A4DF3B78139C7 /* GoogleSignIn.framework in Frameworks */ = {isa = PBXBuildFile; fileRef = D6960FAA79B344B8BD4AB6C4 /* GoogleSignIn.framework */; };
		F046E5C244294DC8B508373A /* GoogleSymbolUtilities.framework in Frameworks */ = {isa = PBXBuildFile; fileRef = 1D47C4400A2B4FB7A09A5D81 /* GoogleSymbolUtilities.framework */; };
		F00F684DF0504597842DB630 /* GoogleUtilities.framework in Frameworks */ = {isa = PBXBuildFile; fileRef = F1AE814EBEA048998CDA15B6 /* GoogleUtilities.framework */; };
		A489C37C155F4FDDBB4C5D7F /* AddressBook.framework in Frameworks */ = {isa = PBXBuildFile; fileRef = 606890A46000494D89CAFB40 /* AddressBook.framework */; settings = {ATTRIBUTES = (Weak, ); }; };
		1B907D28253445EAB78A5BFF /* CoreText.framework in Frameworks */ = {isa = PBXBuildFile; fileRef = 82AA63E528054710B37B0A53 /* CoreText.framework */; settings = {ATTRIBUTES = (Weak, ); }; };
		C425B66AC6FB423F8C021599 /* SafariServices.framework in Frameworks */ = {isa = PBXBuildFile; fileRef = 8BFCFE48C91C4E0E8B414E0D /* SafariServices.framework */; settings = {ATTRIBUTES = (Weak, ); }; };
		8B8B7ADAC3834E20B1D083A5 /* Security.framework in Frameworks */ = {isa = PBXBuildFile; fileRef = 70D2AA7D95954DC083AA5F47 /* Security.framework */; settings = {ATTRIBUTES = (Weak, ); }; };
		778DE471813B458CA809191D /* SystemConfiguration.framework in Frameworks */ = {isa = PBXBuildFile; fileRef = A04F76E67CA543D689AAC42A /* SystemConfiguration.framework */; settings = {ATTRIBUTES = (Weak, ); }; };
		16CB7ECDCF734012B2EBADE7 /* libz.tbd in Resources */ = {isa = PBXBuildFile; fileRef = 482433AB914048AFB34D3333 /* libz.tbd */; settings = {ATTRIBUTES = (Weak, ); }; };
		548AD351C4064CCA9315DC87 /* libz.dylib in Frameworks */ = {isa = PBXBuildFile; fileRef = A31AF7B0FEF7428D81866801 /* libz.dylib */; settings = {ATTRIBUTES = (Weak, ); }; };
		3668BD0A7C89428B8D27F7DF /* CDVInAppBrowser.m in Sources */ = {isa = PBXBuildFile; fileRef = 11C3641C46754F0EA51E5DF1 /* CDVInAppBrowser.m */; };
		CCF9F20A40624BC48454754F /* CDVSplashScreen.m in Sources */ = {isa = PBXBuildFile; fileRef = 3F1613A989204517A62A1E26 /* CDVSplashScreen.m */; };
		5F4D170FB8D142D29C2A865B /* CDVViewController+SplashScreen.m in Sources */ = {isa = PBXBuildFile; fileRef = 09A5788968584C4AA76569D5 /* CDVViewController+SplashScreen.m */; };
		31537DBFD1EB4A81A0FBF538 /* CDVStatusBar.m in Sources */ = {isa = PBXBuildFile; fileRef = D3585CE1A46B4D50A56D02FA /* CDVStatusBar.m */; };
		65BB3A0021FD429D843F5DE8 /* NSString+URLEncoding.m in Sources */ = {isa = PBXBuildFile; fileRef = A296103E16EF4D3F8B5F4007 /* NSString+URLEncoding.m */; };
		EA99BC14B0E94CF8A4EACDAF /* SocialSharing.m in Sources */ = {isa = PBXBuildFile; fileRef = E8DDB2FCCD4F49379D7C0F6C /* SocialSharing.m */; };
		D21608C1BA1641598680FEAE /* Social.framework in Frameworks */ = {isa = PBXBuildFile; fileRef = C6682C4FCE574538A64868D7 /* Social.framework */; settings = {ATTRIBUTES = (Weak, ); }; };
		FA4BD40E11C24833A2F4545A /* MessageUI.framework in Frameworks */ = {isa = PBXBuildFile; fileRef = 2452E08A4EA542829B44A8CF /* MessageUI.framework */; settings = {ATTRIBUTES = (Weak, ); }; };
		35C60ECA112145B694A7D2E2 /* Toast+UIView.m in Sources */ = {isa = PBXBuildFile; fileRef = 474663D667664B77BBA8E183 /* Toast+UIView.m */; };
		784DFECBED6C495A868297AD /* Toast.m in Sources */ = {isa = PBXBuildFile; fileRef = 7526A679B0DB481AB04C09AA /* Toast.m */; };
		5A51C73A536B4A9FB1F0058E /* QuartzCore.framework in Frameworks */ = {isa = PBXBuildFile; fileRef = 7B9BA5322D9F41D294C88103 /* QuartzCore.framework */; };
		BB940A8D18FA44E18C64237B /* Diagnostic.m in Sources */ = {isa = PBXBuildFile; fileRef = 93C795CC65894EADB299FCE3 /* Diagnostic.m */; };
		31AB3E6C2C164B49A9DF670C /* CoreBluetooth.framework in Frameworks */ = {isa = PBXBuildFile; fileRef = 3DD7D077FE8349EF9FA0E560 /* CoreBluetooth.framework */; };
		6B3AC2A9496C42BA86B1A272 /* CoreMotion.framework in Frameworks */ = {isa = PBXBuildFile; fileRef = F89A6642D4F242A69F21E793 /* CoreMotion.framework */; };
		DC828759114F4220B7B39853 /* AVFoundation.framework in Frameworks */ = {isa = PBXBuildFile; fileRef = BAF8FA18E6724AE0A3C9F871 /* AVFoundation.framework */; };
		0F967D3EF35F4731B9C3340C /* Photos.framework in Frameworks */ = {isa = PBXBuildFile; fileRef = C8EF9800D7A842D487F1C479 /* Photos.framework */; };
		D040A65265C8424AA9F1B386 /* EventKit.framework in Frameworks */ = {isa = PBXBuildFile; fileRef = C6AC2C57AD6C41B7AA1B2748 /* EventKit.framework */; };
		87BF4902B54F42C6AE7DEE1F /* Contacts.framework in Frameworks */ = {isa = PBXBuildFile; fileRef = E41AB8F6303E4584BC2F0D70 /* Contacts.framework */; };
		DAAAAAAE16FD4397A8A9766D /* UserNotifications.framework in Frameworks */ = {isa = PBXBuildFile; fileRef = DFCDFD0011A14F118CE2B828 /* UserNotifications.framework */; };
		F8ACBF91EF114BBE9B774A62 /* IonicKeyboard.m in Sources */ = {isa = PBXBuildFile; fileRef = 0053B92CEE7F400F858315C4 /* IonicKeyboard.m */; };
/* End PBXBuildFile section */

/* Begin PBXContainerItemProxy section */
		301BF534109A57CC0062928A /* PBXContainerItemProxy */ = {
			isa = PBXContainerItemProxy;
			containerPortal = 301BF52D109A57CC0062928A /* CordovaLib.xcodeproj */;
			proxyType = 2;
			remoteGlobalIDString = D2AAC07E0554694100DB518D;
			remoteInfo = CordovaLib;
		};
		301BF550109A68C00062928A /* PBXContainerItemProxy */ = {
			isa = PBXContainerItemProxy;
			containerPortal = 301BF52D109A57CC0062928A /* CordovaLib.xcodeproj */;
			proxyType = 1;
			remoteGlobalIDString = D2AAC07D0554694100DB518D;
			remoteInfo = CordovaLib;
		};
/* End PBXContainerItemProxy section */

/* Begin PBXFileReference section */
		0207DA571B56EA530066E2B4 /* Images.xcassets */ = {isa = PBXFileReference; lastKnownFileType = folder.assetcatalog; name = Images.xcassets; path = "AroundThe OD App/Images.xcassets"; sourceTree = SOURCE_ROOT; };
		1D3623240D0F684500981E51 /* AppDelegate.h */ = {isa = PBXFileReference; fileEncoding = 4; lastKnownFileType = sourcecode.c.h; path = AppDelegate.h; sourceTree = "<group>"; };
		1D3623250D0F684500981E51 /* AppDelegate.m */ = {isa = PBXFileReference; fileEncoding = 4; lastKnownFileType = sourcecode.c.objc; path = AppDelegate.m; sourceTree = "<group>"; };
		1D6058910D05DD3D006BFB54 /* AroundThe OD App.app */ = {isa = PBXFileReference; explicitFileType = wrapper.application; includeInIndex = 0; path = "AroundThe OD App.app"; sourceTree = BUILT_PRODUCTS_DIR; };
		29B97316FDCFA39411CA2CEA /* main.m */ = {isa = PBXFileReference; fileEncoding = 4; lastKnownFileType = sourcecode.c.objc; path = main.m; sourceTree = "<group>"; };
		301BF52D109A57CC0062928A /* CordovaLib.xcodeproj */ = {isa = PBXFileReference; lastKnownFileType = "wrapper.pb-project"; name = CordovaLib.xcodeproj; path = CordovaLib/CordovaLib.xcodeproj; sourceTree = "<group>"; };
		301BF56E109A69640062928A /* www */ = {isa = PBXFileReference; lastKnownFileType = folder; path = www; sourceTree = SOURCE_ROOT; };
		302D95EE14D2391D003F00A1 /* MainViewController.h */ = {isa = PBXFileReference; fileEncoding = 4; lastKnownFileType = sourcecode.c.h; path = MainViewController.h; sourceTree = "<group>"; };
		302D95EF14D2391D003F00A1 /* MainViewController.m */ = {isa = PBXFileReference; fileEncoding = 4; lastKnownFileType = sourcecode.c.objc; path = MainViewController.m; sourceTree = "<group>"; };
		302D95F014D2391D003F00A1 /* MainViewController.xib */ = {isa = PBXFileReference; fileEncoding = 4; lastKnownFileType = file.xib; path = MainViewController.xib; sourceTree = "<group>"; };
		3047A50F1AB8059700498E2A /* build-debug.xcconfig */ = {isa = PBXFileReference; fileEncoding = 4; lastKnownFileType = text.xcconfig; name = "build-debug.xcconfig"; path = cordova/build-debug.xcconfig; sourceTree = SOURCE_ROOT; };
		3047A5101AB8059700498E2A /* build-release.xcconfig */ = {isa = PBXFileReference; fileEncoding = 4; lastKnownFileType = text.xcconfig; name = "build-release.xcconfig"; path = cordova/build-release.xcconfig; sourceTree = SOURCE_ROOT; };
		3047A5111AB8059700498E2A /* build.xcconfig */ = {isa = PBXFileReference; fileEncoding = 4; lastKnownFileType = text.xcconfig; name = build.xcconfig; path = cordova/build.xcconfig; sourceTree = SOURCE_ROOT; };
		32CA4F630368D1EE00C91783 /* AroundThe OD App-Prefix.pch */ = {isa = PBXFileReference; fileEncoding = 4; lastKnownFileType = sourcecode.c.h; path = "AroundThe OD App-Prefix.pch"; sourceTree = "<group>"; };
		8D1107310486CEB800E47090 /* AroundThe OD App-Info.plist */ = {isa = PBXFileReference; fileEncoding = 4; lastKnownFileType = text.plist.xml; name = "AroundThe OD App-Info.plist"; path = "AroundThe OD App/AroundThe OD App-Info.plist"; plistStructureDefinitionIdentifier = "com.apple.xcode.plist.structure-definition.iphone.info-plist"; sourceTree = SOURCE_ROOT; };
		EB87FDF31871DA8E0020F90C /* www */ = {isa = PBXFileReference; lastKnownFileType = folder; name = www; path = ../../www; sourceTree = "<group>"; };
		EB87FDF41871DAF40020F90C /* config.xml */ = {isa = PBXFileReference; lastKnownFileType = text.xml; name = config.xml; path = ../../config.xml; sourceTree = "<group>"; };
		F840E1F0165FE0F500CFE078 /* config.xml */ = {isa = PBXFileReference; lastKnownFileType = text.xml; name = config.xml; path = "AroundThe OD App/config.xml"; sourceTree = "<group>"; };
		ED33DF2A687741AEAF9F8254 /* Bridging-Header.h */ = {isa = PBXFileReference; fileEncoding = 4; lastKnownFileType = sourcecode.c.h; name = "Bridging-Header.h"; path = "Bridging-Header.h"; sourceTree = "<group>"; };
		F52545F3512D46779848169E /* CDVDevice.m */ = {isa = PBXFileReference; name = "CDVDevice.m"; path = "cordova-plugin-device/CDVDevice.m"; sourceTree = "<group>"; fileEncoding = 4; lastKnownFileType = sourcecode.c.objc; explicitFileType = undefined; includeInIndex = 0; };
		966110DBCB244D618143373F /* CDVDevice.h */ = {isa = PBXFileReference; name = "CDVDevice.h"; path = "cordova-plugin-device/CDVDevice.h"; sourceTree = "<group>"; fileEncoding = 4; lastKnownFileType = sourcecode.c.h; explicitFileType = undefined; includeInIndex = 0; };
		2F90E554EAEF45A19D9F3ABF /* APPBackgroundMode.m */ = {isa = PBXFileReference; name = "APPBackgroundMode.m"; path = "cordova-plugin-background-mode/APPBackgroundMode.m"; sourceTree = "<group>"; fileEncoding = 4; lastKnownFileType = sourcecode.c.objc; explicitFileType = undefined; includeInIndex = 0; };
		E9F56D09D5074DAB803A9163 /* APPMethodMagic.m */ = {isa = PBXFileReference; name = "APPMethodMagic.m"; path = "cordova-plugin-background-mode/APPMethodMagic.m"; sourceTree = "<group>"; fileEncoding = 4; lastKnownFileType = sourcecode.c.objc; explicitFileType = undefined; includeInIndex = 0; };
		FBAB6524C07D4EBA92EE3638 /* APPBackgroundMode.h */ = {isa = PBXFileReference; name = "APPBackgroundMode.h"; path = "cordova-plugin-background-mode/APPBackgroundMode.h"; sourceTree = "<group>"; fileEncoding = 4; lastKnownFileType = sourcecode.c.h; explicitFileType = undefined; includeInIndex = 0; };
		2F090ECB18BD48B58E38A872 /* APPMethodMagic.h */ = {isa = PBXFileReference; name = "APPMethodMagic.h"; path = "cordova-plugin-background-mode/APPMethodMagic.h"; sourceTree = "<group>"; fileEncoding = 4; lastKnownFileType = sourcecode.c.h; explicitFileType = undefined; includeInIndex = 0; };
		C3B0B82F2B0A45D0BFAA22FF /* appbeep.wav */ = {isa = PBXFileReference; name = "appbeep.wav"; path = "appbeep.wav"; sourceTree = "<group>"; fileEncoding = undefined; lastKnownFileType = unknown; explicitFileType = undefined; includeInIndex = 0; };
		5938D4E494274114BB732E6F /* CDVLogger.m */ = {isa = PBXFileReference; name = "CDVLogger.m"; path = "cordova-plugin-console/CDVLogger.m"; sourceTree = "<group>"; fileEncoding = 4; lastKnownFileType = sourcecode.c.objc; explicitFileType = undefined; includeInIndex = 0; };
		B9091C11BAFD41CDB8A37EF1 /* CDVLogger.h */ = {isa = PBXFileReference; name = "CDVLogger.h"; path = "cordova-plugin-console/CDVLogger.h"; sourceTree = "<group>"; fileEncoding = 4; lastKnownFileType = sourcecode.c.h; explicitFileType = undefined; includeInIndex = 0; };
		23070B93E9CB4109BFFC1710 /* FacebookConnectPlugin.m */ = {isa = PBXFileReference; name = "FacebookConnectPlugin.m"; path = "cordova-plugin-facebook4/FacebookConnectPlugin.m"; sourceTree = "<group>"; fileEncoding = 4; lastKnownFileType = sourcecode.c.objc; explicitFileType = undefined; includeInIndex = 0; };
		D3D19A55A1A9485DBF389ABE /* FacebookConnectPlugin.h */ = {isa = PBXFileReference; name = "FacebookConnectPlugin.h"; path = "cordova-plugin-facebook4/FacebookConnectPlugin.h"; sourceTree = "<group>"; fileEncoding = 4; lastKnownFileType = sourcecode.c.h; explicitFileType = undefined; includeInIndex = 0; };
		1FDCA0D0566B4A44813BFDEC /* Bolts.framework */ = {isa = PBXFileReference; name = "Bolts.framework"; path = "AroundThe OD App/Plugins/cordova-plugin-facebook4/Bolts.framework"; sourceTree = "<group>"; fileEncoding = undefined; lastKnownFileType = wrapper.framework; explicitFileType = undefined; includeInIndex = 0; };
		0DFC13A1FEF94D40AEBC667C /* FBSDKCoreKit.framework */ = {isa = PBXFileReference; name = "FBSDKCoreKit.framework"; path = "AroundThe OD App/Plugins/cordova-plugin-facebook4/FBSDKCoreKit.framework"; sourceTree = "<group>"; fileEncoding = undefined; lastKnownFileType = wrapper.framework; explicitFileType = undefined; includeInIndex = 0; };
		79A3D2AEFB8B4F849A5B9ECB /* FBSDKLoginKit.framework */ = {isa = PBXFileReference; name = "FBSDKLoginKit.framework"; path = "AroundThe OD App/Plugins/cordova-plugin-facebook4/FBSDKLoginKit.framework"; sourceTree = "<group>"; fileEncoding = undefined; lastKnownFileType = wrapper.framework; explicitFileType = undefined; includeInIndex = 0; };
		33617FFF545C490982E89FB1 /* FBSDKShareKit.framework */ = {isa = PBXFileReference; name = "FBSDKShareKit.framework"; path = "AroundThe OD App/Plugins/cordova-plugin-facebook4/FBSDKShareKit.framework"; sourceTree = "<group>"; fileEncoding = undefined; lastKnownFileType = wrapper.framework; explicitFileType = undefined; includeInIndex = 0; };
		138F60E2A7594AFA983BBCDC /* CDVLocation.m */ = {isa = PBXFileReference; name = "CDVLocation.m"; path = "cordova-plugin-geolocation/CDVLocation.m"; sourceTree = "<group>"; fileEncoding = 4; lastKnownFileType = sourcecode.c.objc; explicitFileType = undefined; includeInIndex = 0; };
		E2B41BA539184FFEBC0DCB02 /* CDVLocation.h */ = {isa = PBXFileReference; name = "CDVLocation.h"; path = "cordova-plugin-geolocation/CDVLocation.h"; sourceTree = "<group>"; fileEncoding = 4; lastKnownFileType = sourcecode.c.h; explicitFileType = undefined; includeInIndex = 0; };
		304CD6C3E4F349368F239D49 /* CoreLocation.framework */ = {isa = PBXFileReference; name = "CoreLocation.framework"; path = "System/Library/Frameworks/CoreLocation.framework"; sourceTree = SDKROOT; fileEncoding = undefined; lastKnownFileType = wrapper.framework; explicitFileType = undefined; includeInIndex = 0; };
		9FAD8E64285048FE91F8798D /* GooglePlus.m */ = {isa = PBXFileReference; name = "GooglePlus.m"; path = "cordova-plugin-googleplus/GooglePlus.m"; sourceTree = "<group>"; fileEncoding = 4; lastKnownFileType = sourcecode.c.objc; explicitFileType = undefined; includeInIndex = 0; };
		29303C46C9FB496BB4E9D753 /* GooglePlus.h */ = {isa = PBXFileReference; name = "GooglePlus.h"; path = "cordova-plugin-googleplus/GooglePlus.h"; sourceTree = "<group>"; fileEncoding = 4; lastKnownFileType = sourcecode.c.h; explicitFileType = undefined; includeInIndex = 0; };
		77C3B98048A94AC6926A8B80 /* GoogleAppUtilities.framework */ = {isa = PBXFileReference; name = "GoogleAppUtilities.framework"; path = "AroundThe OD App/Plugins/cordova-plugin-googleplus/GoogleAppUtilities.framework"; sourceTree = "<group>"; fileEncoding = undefined; lastKnownFileType = wrapper.framework; explicitFileType = undefined; includeInIndex = 0; };
		27E5ED97FB60413583578322 /* GoogleAuthUtilities.framework */ = {isa = PBXFileReference; name = "GoogleAuthUtilities.framework"; path = "AroundThe OD App/Plugins/cordova-plugin-googleplus/GoogleAuthUtilities.framework"; sourceTree = "<group>"; fileEncoding = undefined; lastKnownFileType = wrapper.framework; explicitFileType = undefined; includeInIndex = 0; };
		31590C2B8FD046279C68D0BA /* GoogleNetworkingUtilities.framework */ = {isa = PBXFileReference; name = "GoogleNetworkingUtilities.framework"; path = "AroundThe OD App/Plugins/cordova-plugin-googleplus/GoogleNetworkingUtilities.framework"; sourceTree = "<group>"; fileEncoding = undefined; lastKnownFileType = wrapper.framework; explicitFileType = undefined; includeInIndex = 0; };
		D6960FAA79B344B8BD4AB6C4 /* GoogleSignIn.framework */ = {isa = PBXFileReference; name = "GoogleSignIn.framework"; path = "AroundThe OD App/Plugins/cordova-plugin-googleplus/GoogleSignIn.framework"; sourceTree = "<group>"; fileEncoding = undefined; lastKnownFileType = wrapper.framework; explicitFileType = undefined; includeInIndex = 0; };
		1D47C4400A2B4FB7A09A5D81 /* GoogleSymbolUtilities.framework */ = {isa = PBXFileReference; name = "GoogleSymbolUtilities.framework"; path = "AroundThe OD App/Plugins/cordova-plugin-googleplus/GoogleSymbolUtilities.framework"; sourceTree = "<group>"; fileEncoding = undefined; lastKnownFileType = wrapper.framework; explicitFileType = undefined; includeInIndex = 0; };
		F1AE814EBEA048998CDA15B6 /* GoogleUtilities.framework */ = {isa = PBXFileReference; name = "GoogleUtilities.framework"; path = "AroundThe OD App/Plugins/cordova-plugin-googleplus/GoogleUtilities.framework"; sourceTree = "<group>"; fileEncoding = undefined; lastKnownFileType = wrapper.framework; explicitFileType = undefined; includeInIndex = 0; };
		606890A46000494D89CAFB40 /* AddressBook.framework */ = {isa = PBXFileReference; name = "AddressBook.framework"; path = "System/Library/Frameworks/AddressBook.framework"; sourceTree = SDKROOT; fileEncoding = undefined; lastKnownFileType = wrapper.framework; explicitFileType = undefined; includeInIndex = 0; };
		82AA63E528054710B37B0A53 /* CoreText.framework */ = {isa = PBXFileReference; name = "CoreText.framework"; path = "System/Library/Frameworks/CoreText.framework"; sourceTree = SDKROOT; fileEncoding = undefined; lastKnownFileType = wrapper.framework; explicitFileType = undefined; includeInIndex = 0; };
		8BFCFE48C91C4E0E8B414E0D /* SafariServices.framework */ = {isa = PBXFileReference; name = "SafariServices.framework"; path = "System/Library/Frameworks/SafariServices.framework"; sourceTree = SDKROOT; fileEncoding = undefined; lastKnownFileType = wrapper.framework; explicitFileType = undefined; includeInIndex = 0; };
		70D2AA7D95954DC083AA5F47 /* Security.framework */ = {isa = PBXFileReference; name = "Security.framework"; path = "System/Library/Frameworks/Security.framework"; sourceTree = SDKROOT; fileEncoding = undefined; lastKnownFileType = wrapper.framework; explicitFileType = undefined; includeInIndex = 0; };
		A04F76E67CA543D689AAC42A /* SystemConfiguration.framework */ = {isa = PBXFileReference; name = "SystemConfiguration.framework"; path = "System/Library/Frameworks/SystemConfiguration.framework"; sourceTree = SDKROOT; fileEncoding = undefined; lastKnownFileType = wrapper.framework; explicitFileType = undefined; includeInIndex = 0; };
		482433AB914048AFB34D3333 /* libz.tbd */ = {isa = PBXFileReference; name = "libz.tbd"; path = "libz.tbd"; sourceTree = "<group>"; fileEncoding = undefined; lastKnownFileType = unknown; explicitFileType = undefined; includeInIndex = 0; };
		A31AF7B0FEF7428D81866801 /* libz.dylib */ = {isa = PBXFileReference; name = "libz.dylib"; path = "usr/lib/libz.dylib"; sourceTree = SDKROOT; fileEncoding = undefined; lastKnownFileType = compiled.mach-o.dylib; explicitFileType = undefined; includeInIndex = 0; };
		11C3641C46754F0EA51E5DF1 /* CDVInAppBrowser.m */ = {isa = PBXFileReference; name = "CDVInAppBrowser.m"; path = "cordova-plugin-inappbrowser/CDVInAppBrowser.m"; sourceTree = "<group>"; fileEncoding = 4; lastKnownFileType = sourcecode.c.objc; explicitFileType = undefined; includeInIndex = 0; };
		E28F873BC4D34BC6B02D8212 /* CDVInAppBrowser.h */ = {isa = PBXFileReference; name = "CDVInAppBrowser.h"; path = "cordova-plugin-inappbrowser/CDVInAppBrowser.h"; sourceTree = "<group>"; fileEncoding = 4; lastKnownFileType = sourcecode.c.h; explicitFileType = undefined; includeInIndex = 0; };
		3F1613A989204517A62A1E26 /* CDVSplashScreen.m */ = {isa = PBXFileReference; name = "CDVSplashScreen.m"; path = "cordova-plugin-splashscreen/CDVSplashScreen.m"; sourceTree = "<group>"; fileEncoding = 4; lastKnownFileType = sourcecode.c.objc; explicitFileType = undefined; includeInIndex = 0; };
		09A5788968584C4AA76569D5 /* CDVViewController+SplashScreen.m */ = {isa = PBXFileReference; name = "CDVViewController+SplashScreen.m"; path = "cordova-plugin-splashscreen/CDVViewController+SplashScreen.m"; sourceTree = "<group>"; fileEncoding = 4; lastKnownFileType = sourcecode.c.objc; explicitFileType = undefined; includeInIndex = 0; };
		142B17C661974FE7B65ADD56 /* CDVSplashScreen.h */ = {isa = PBXFileReference; name = "CDVSplashScreen.h"; path = "cordova-plugin-splashscreen/CDVSplashScreen.h"; sourceTree = "<group>"; fileEncoding = 4; lastKnownFileType = sourcecode.c.h; explicitFileType = undefined; includeInIndex = 0; };
		B9F1D2C455024449A02B74D5 /* CDVViewController+SplashScreen.h */ = {isa = PBXFileReference; name = "CDVViewController+SplashScreen.h"; path = "cordova-plugin-splashscreen/CDVViewController+SplashScreen.h"; sourceTree = "<group>"; fileEncoding = 4; lastKnownFileType = sourcecode.c.h; explicitFileType = undefined; includeInIndex = 0; };
		D3585CE1A46B4D50A56D02FA /* CDVStatusBar.m */ = {isa = PBXFileReference; name = "CDVStatusBar.m"; path = "cordova-plugin-statusbar/CDVStatusBar.m"; sourceTree = "<group>"; fileEncoding = 4; lastKnownFileType = sourcecode.c.objc; explicitFileType = undefined; includeInIndex = 0; };
		02D9D8348C0243CBB4CB8CF5 /* CDVStatusBar.h */ = {isa = PBXFileReference; name = "CDVStatusBar.h"; path = "cordova-plugin-statusbar/CDVStatusBar.h"; sourceTree = "<group>"; fileEncoding = 4; lastKnownFileType = sourcecode.c.h; explicitFileType = undefined; includeInIndex = 0; };
		A296103E16EF4D3F8B5F4007 /* NSString+URLEncoding.m */ = {isa = PBXFileReference; name = "NSString+URLEncoding.m"; path = "cordova-plugin-x-socialsharing/NSString+URLEncoding.m"; sourceTree = "<group>"; fileEncoding = 4; lastKnownFileType = sourcecode.c.objc; explicitFileType = undefined; includeInIndex = 0; };
		E8DDB2FCCD4F49379D7C0F6C /* SocialSharing.m */ = {isa = PBXFileReference; name = "SocialSharing.m"; path = "cordova-plugin-x-socialsharing/SocialSharing.m"; sourceTree = "<group>"; fileEncoding = 4; lastKnownFileType = sourcecode.c.objc; explicitFileType = undefined; includeInIndex = 0; };
		730721C5A18F4FD8BBE6D5D6 /* NSString+URLEncoding.h */ = {isa = PBXFileReference; name = "NSString+URLEncoding.h"; path = "cordova-plugin-x-socialsharing/NSString+URLEncoding.h"; sourceTree = "<group>"; fileEncoding = 4; lastKnownFileType = sourcecode.c.h; explicitFileType = undefined; includeInIndex = 0; };
		B768B1CB2DEA43C18B7A2EB4 /* SocialSharing.h */ = {isa = PBXFileReference; name = "SocialSharing.h"; path = "cordova-plugin-x-socialsharing/SocialSharing.h"; sourceTree = "<group>"; fileEncoding = 4; lastKnownFileType = sourcecode.c.h; explicitFileType = undefined; includeInIndex = 0; };
		C6682C4FCE574538A64868D7 /* Social.framework */ = {isa = PBXFileReference; name = "Social.framework"; path = "System/Library/Frameworks/Social.framework"; sourceTree = SDKROOT; fileEncoding = undefined; lastKnownFileType = wrapper.framework; explicitFileType = undefined; includeInIndex = 0; };
		2452E08A4EA542829B44A8CF /* MessageUI.framework */ = {isa = PBXFileReference; name = "MessageUI.framework"; path = "System/Library/Frameworks/MessageUI.framework"; sourceTree = SDKROOT; fileEncoding = undefined; lastKnownFileType = wrapper.framework; explicitFileType = undefined; includeInIndex = 0; };
		474663D667664B77BBA8E183 /* Toast+UIView.m */ = {isa = PBXFileReference; name = "Toast+UIView.m"; path = "cordova-plugin-x-toast/Toast+UIView.m"; sourceTree = "<group>"; fileEncoding = 4; lastKnownFileType = sourcecode.c.objc; explicitFileType = undefined; includeInIndex = 0; };
		7526A679B0DB481AB04C09AA /* Toast.m */ = {isa = PBXFileReference; name = "Toast.m"; path = "cordova-plugin-x-toast/Toast.m"; sourceTree = "<group>"; fileEncoding = 4; lastKnownFileType = sourcecode.c.objc; explicitFileType = undefined; includeInIndex = 0; };
		EADA427DC31548689C4FC3EB /* Toast+UIView.h */ = {isa = PBXFileReference; name = "Toast+UIView.h"; path = "cordova-plugin-x-toast/Toast+UIView.h"; sourceTree = "<group>"; fileEncoding = 4; lastKnownFileType = sourcecode.c.h; explicitFileType = undefined; includeInIndex = 0; };
		0695C3F8E5394F03B6CD667A /* Toast.h */ = {isa = PBXFileReference; name = "Toast.h"; path = "cordova-plugin-x-toast/Toast.h"; sourceTree = "<group>"; fileEncoding = 4; lastKnownFileType = sourcecode.c.h; explicitFileType = undefined; includeInIndex = 0; };
		7B9BA5322D9F41D294C88103 /* QuartzCore.framework */ = {isa = PBXFileReference; name = "QuartzCore.framework"; path = "System/Library/Frameworks/QuartzCore.framework"; sourceTree = SDKROOT; fileEncoding = undefined; lastKnownFileType = wrapper.framework; explicitFileType = undefined; includeInIndex = 0; };
		93C795CC65894EADB299FCE3 /* Diagnostic.m */ = {isa = PBXFileReference; name = "Diagnostic.m"; path = "cordova.plugins.diagnostic/Diagnostic.m"; sourceTree = "<group>"; fileEncoding = 4; lastKnownFileType = sourcecode.c.objc; explicitFileType = undefined; includeInIndex = 0; };
		CFEEF111D3604C9798185192 /* Diagnostic.h */ = {isa = PBXFileReference; name = "Diagnostic.h"; path = "cordova.plugins.diagnostic/Diagnostic.h"; sourceTree = "<group>"; fileEncoding = 4; lastKnownFileType = sourcecode.c.h; explicitFileType = undefined; includeInIndex = 0; };
		3DD7D077FE8349EF9FA0E560 /* CoreBluetooth.framework */ = {isa = PBXFileReference; name = "CoreBluetooth.framework"; path = "System/Library/Frameworks/CoreBluetooth.framework"; sourceTree = SDKROOT; fileEncoding = undefined; lastKnownFileType = wrapper.framework; explicitFileType = undefined; includeInIndex = 0; };
		F89A6642D4F242A69F21E793 /* CoreMotion.framework */ = {isa = PBXFileReference; name = "CoreMotion.framework"; path = "System/Library/Frameworks/CoreMotion.framework"; sourceTree = SDKROOT; fileEncoding = undefined; lastKnownFileType = wrapper.framework; explicitFileType = undefined; includeInIndex = 0; };
		BAF8FA18E6724AE0A3C9F871 /* AVFoundation.framework */ = {isa = PBXFileReference; name = "AVFoundation.framework"; path = "System/Library/Frameworks/AVFoundation.framework"; sourceTree = SDKROOT; fileEncoding = undefined; lastKnownFileType = wrapper.framework; explicitFileType = undefined; includeInIndex = 0; };
		C8EF9800D7A842D487F1C479 /* Photos.framework */ = {isa = PBXFileReference; name = "Photos.framework"; path = "System/Library/Frameworks/Photos.framework"; sourceTree = SDKROOT; fileEncoding = undefined; lastKnownFileType = wrapper.framework; explicitFileType = undefined; includeInIndex = 0; };
		C6AC2C57AD6C41B7AA1B2748 /* EventKit.framework */ = {isa = PBXFileReference; name = "EventKit.framework"; path = "System/Library/Frameworks/EventKit.framework"; sourceTree = SDKROOT; fileEncoding = undefined; lastKnownFileType = wrapper.framework; explicitFileType = undefined; includeInIndex = 0; };
		E41AB8F6303E4584BC2F0D70 /* Contacts.framework */ = {isa = PBXFileReference; name = "Contacts.framework"; path = "System/Library/Frameworks/Contacts.framework"; sourceTree = SDKROOT; fileEncoding = undefined; lastKnownFileType = wrapper.framework; explicitFileType = undefined; includeInIndex = 0; };
		DFCDFD0011A14F118CE2B828 /* UserNotifications.framework */ = {isa = PBXFileReference; name = "UserNotifications.framework"; path = "System/Library/Frameworks/UserNotifications.framework"; sourceTree = SDKROOT; fileEncoding = undefined; lastKnownFileType = wrapper.framework; explicitFileType = undefined; includeInIndex = 0; };
		0053B92CEE7F400F858315C4 /* IonicKeyboard.m */ = {isa = PBXFileReference; name = "IonicKeyboard.m"; path = "ionic-plugin-keyboard/IonicKeyboard.m"; sourceTree = "<group>"; fileEncoding = 4; lastKnownFileType = sourcecode.c.objc; explicitFileType = undefined; includeInIndex = 0; };
		0915BE35704B4FA390F6F8A6 /* IonicKeyboard.h */ = {isa = PBXFileReference; name = "IonicKeyboard.h"; path = "ionic-plugin-keyboard/IonicKeyboard.h"; sourceTree = "<group>"; fileEncoding = 4; lastKnownFileType = sourcecode.c.h; explicitFileType = undefined; includeInIndex = 0; };
/* End PBXFileReference section */

/* Begin PBXFrameworksBuildPhase section */
		1D60588F0D05DD3D006BFB54 /* Frameworks */ = {
			isa = PBXFrameworksBuildPhase;
			buildActionMask = 2147483647;
			files = (
				301BF552109A68D80062928A /* libCordova.a in Frameworks */,
				6F50288FC0CC479CAFF790FD /* Bolts.framework in Frameworks */,
				527BBBCA38684E2782321DAB /* FBSDKCoreKit.framework in Frameworks */,
				C1CE3541698248E5B0F27E42 /* FBSDKLoginKit.framework in Frameworks */,
				C8564B0077B744CCB5F104C1 /* FBSDKShareKit.framework in Frameworks */,
				5B6F21D81A4D4F04A831DC08 /* CoreLocation.framework in Frameworks */,
				6077174592BF456295CF7519 /* GoogleAppUtilities.framework in Frameworks */,
				0D69A4D4A1634947B99E0010 /* GoogleAuthUtilities.framework in Frameworks */,
				979E06E3B73D4562BDF67382 /* GoogleNetworkingUtilities.framework in Frameworks */,
				8AB6F6A5AF4A4DF3B78139C7 /* GoogleSignIn.framework in Frameworks */,
				F046E5C244294DC8B508373A /* GoogleSymbolUtilities.framework in Frameworks */,
				F00F684DF0504597842DB630 /* GoogleUtilities.framework in Frameworks */,
				A489C37C155F4FDDBB4C5D7F /* AddressBook.framework in Frameworks */,
				1B907D28253445EAB78A5BFF /* CoreText.framework in Frameworks */,
				C425B66AC6FB423F8C021599 /* SafariServices.framework in Frameworks */,
				8B8B7ADAC3834E20B1D083A5 /* Security.framework in Frameworks */,
				778DE471813B458CA809191D /* SystemConfiguration.framework in Frameworks */,
				16CB7ECDCF734012B2EBADE7 /* libz.tbd in Resources */,
				548AD351C4064CCA9315DC87 /* libz.dylib in Frameworks */,
				D21608C1BA1641598680FEAE /* Social.framework in Frameworks */,
				FA4BD40E11C24833A2F4545A /* MessageUI.framework in Frameworks */,
				5A51C73A536B4A9FB1F0058E /* QuartzCore.framework in Frameworks */,
				31AB3E6C2C164B49A9DF670C /* CoreBluetooth.framework in Frameworks */,
				6B3AC2A9496C42BA86B1A272 /* CoreMotion.framework in Frameworks */,
				DC828759114F4220B7B39853 /* AVFoundation.framework in Frameworks */,
				0F967D3EF35F4731B9C3340C /* Photos.framework in Frameworks */,
				D040A65265C8424AA9F1B386 /* EventKit.framework in Frameworks */,
				87BF4902B54F42C6AE7DEE1F /* Contacts.framework in Frameworks */,
				DAAAAAAE16FD4397A8A9766D /* UserNotifications.framework in Frameworks */,
			);
			runOnlyForDeploymentPostprocessing = 0;
		};
/* End PBXFrameworksBuildPhase section */

/* Begin PBXGroup section */
		080E96DDFE201D6D7F000001 /* Classes */ = {
			isa = PBXGroup;
			children = (
				302D95EE14D2391D003F00A1 /* MainViewController.h */,
				302D95EF14D2391D003F00A1 /* MainViewController.m */,
				302D95F014D2391D003F00A1 /* MainViewController.xib */,
				1D3623240D0F684500981E51 /* AppDelegate.h */,
				1D3623250D0F684500981E51 /* AppDelegate.m */,
			);
			name = Classes;
			path = "AroundThe OD App/Classes";
			sourceTree = SOURCE_ROOT;
		};
		19C28FACFE9D520D11CA2CBB /* Products */ = {
			isa = PBXGroup;
			children = (
				1D6058910D05DD3D006BFB54 /* AroundThe OD App.app */,
			);
			name = Products;
			sourceTree = "<group>";
		};
		29B97314FDCFA39411CA2CEA /* CustomTemplate */ = {
			isa = PBXGroup;
			children = (
				EB87FDF41871DAF40020F90C /* config.xml */,
				EB87FDF31871DA8E0020F90C /* www */,
				EB87FDF11871DA420020F90C /* Staging */,
				301BF52D109A57CC0062928A /* CordovaLib.xcodeproj */,
				080E96DDFE201D6D7F000001 /* Classes */,
				307C750510C5A3420062BCA9 /* Plugins */,
				29B97315FDCFA39411CA2CEA /* Other Sources */,
				29B97317FDCFA39411CA2CEA /* Resources */,
				29B97323FDCFA39411CA2CEA /* Frameworks */,
				19C28FACFE9D520D11CA2CBB /* Products */,
			);
			name = CustomTemplate;
			sourceTree = "<group>";
		};
		29B97315FDCFA39411CA2CEA /* Other Sources */ = {
			isa = PBXGroup;
			children = (
				32CA4F630368D1EE00C91783 /* AroundThe OD App-Prefix.pch */,
				29B97316FDCFA39411CA2CEA /* main.m */,
				ED33DF2A687741AEAF9F8254 /* Bridging-Header.h */,
			);
			name = "Other Sources";
			path = "AroundThe OD App";
			sourceTree = "<group>";
		};
		29B97317FDCFA39411CA2CEA /* Resources */ = {
			isa = PBXGroup;
			children = (
				0207DA571B56EA530066E2B4 /* Images.xcassets */,
				3047A50E1AB8057F00498E2A /* config */,
				8D1107310486CEB800E47090 /* AroundThe OD App-Info.plist */,
				C3B0B82F2B0A45D0BFAA22FF /* appbeep.wav */,
			);
			name = Resources;
			path = "AroundThe OD App/Resources";
			sourceTree = "<group>";
		};
		29B97323FDCFA39411CA2CEA /* Frameworks */ = {
			isa = PBXGroup;
			children = (
				1FDCA0D0566B4A44813BFDEC /* Bolts.framework */,
				0DFC13A1FEF94D40AEBC667C /* FBSDKCoreKit.framework */,
				79A3D2AEFB8B4F849A5B9ECB /* FBSDKLoginKit.framework */,
				33617FFF545C490982E89FB1 /* FBSDKShareKit.framework */,
				304CD6C3E4F349368F239D49 /* CoreLocation.framework */,
				77C3B98048A94AC6926A8B80 /* GoogleAppUtilities.framework */,
				27E5ED97FB60413583578322 /* GoogleAuthUtilities.framework */,
				31590C2B8FD046279C68D0BA /* GoogleNetworkingUtilities.framework */,
				D6960FAA79B344B8BD4AB6C4 /* GoogleSignIn.framework */,
				1D47C4400A2B4FB7A09A5D81 /* GoogleSymbolUtilities.framework */,
				F1AE814EBEA048998CDA15B6 /* GoogleUtilities.framework */,
				606890A46000494D89CAFB40 /* AddressBook.framework */,
				82AA63E528054710B37B0A53 /* CoreText.framework */,
				8BFCFE48C91C4E0E8B414E0D /* SafariServices.framework */,
				70D2AA7D95954DC083AA5F47 /* Security.framework */,
				A04F76E67CA543D689AAC42A /* SystemConfiguration.framework */,
				482433AB914048AFB34D3333 /* libz.tbd */,
				A31AF7B0FEF7428D81866801 /* libz.dylib */,
				C6682C4FCE574538A64868D7 /* Social.framework */,
				2452E08A4EA542829B44A8CF /* MessageUI.framework */,
				7B9BA5322D9F41D294C88103 /* QuartzCore.framework */,
				3DD7D077FE8349EF9FA0E560 /* CoreBluetooth.framework */,
				F89A6642D4F242A69F21E793 /* CoreMotion.framework */,
				BAF8FA18E6724AE0A3C9F871 /* AVFoundation.framework */,
				C8EF9800D7A842D487F1C479 /* Photos.framework */,
				C6AC2C57AD6C41B7AA1B2748 /* EventKit.framework */,
				E41AB8F6303E4584BC2F0D70 /* Contacts.framework */,
				DFCDFD0011A14F118CE2B828 /* UserNotifications.framework */,
			);
			name = Frameworks;
			sourceTree = "<group>";
		};
		301BF52E109A57CC0062928A /* Products */ = {
			isa = PBXGroup;
			children = (
				301BF535109A57CC0062928A /* libCordova.a */,
			);
			name = Products;
			sourceTree = "<group>";
		};
		3047A50E1AB8057F00498E2A /* config */ = {
			isa = PBXGroup;
			children = (
				3047A50F1AB8059700498E2A /* build-debug.xcconfig */,
				3047A5101AB8059700498E2A /* build-release.xcconfig */,
				3047A5111AB8059700498E2A /* build.xcconfig */,
			);
			name = config;
			sourceTree = "<group>";
		};
		307C750510C5A3420062BCA9 /* Plugins */ = {
			isa = PBXGroup;
			children = (
				F52545F3512D46779848169E /* CDVDevice.m */,
				966110DBCB244D618143373F /* CDVDevice.h */,
				2F90E554EAEF45A19D9F3ABF /* APPBackgroundMode.m */,
				E9F56D09D5074DAB803A9163 /* APPMethodMagic.m */,
				FBAB6524C07D4EBA92EE3638 /* APPBackgroundMode.h */,
				2F090ECB18BD48B58E38A872 /* APPMethodMagic.h */,
				5938D4E494274114BB732E6F /* CDVLogger.m */,
				B9091C11BAFD41CDB8A37EF1 /* CDVLogger.h */,
				23070B93E9CB4109BFFC1710 /* FacebookConnectPlugin.m */,
				D3D19A55A1A9485DBF389ABE /* FacebookConnectPlugin.h */,
				138F60E2A7594AFA983BBCDC /* CDVLocation.m */,
				E2B41BA539184FFEBC0DCB02 /* CDVLocation.h */,
				9FAD8E64285048FE91F8798D /* GooglePlus.m */,
				29303C46C9FB496BB4E9D753 /* GooglePlus.h */,
				11C3641C46754F0EA51E5DF1 /* CDVInAppBrowser.m */,
				E28F873BC4D34BC6B02D8212 /* CDVInAppBrowser.h */,
				3F1613A989204517A62A1E26 /* CDVSplashScreen.m */,
				09A5788968584C4AA76569D5 /* CDVViewController+SplashScreen.m */,
				142B17C661974FE7B65ADD56 /* CDVSplashScreen.h */,
				B9F1D2C455024449A02B74D5 /* CDVViewController+SplashScreen.h */,
				D3585CE1A46B4D50A56D02FA /* CDVStatusBar.m */,
				02D9D8348C0243CBB4CB8CF5 /* CDVStatusBar.h */,
				A296103E16EF4D3F8B5F4007 /* NSString+URLEncoding.m */,
				E8DDB2FCCD4F49379D7C0F6C /* SocialSharing.m */,
				730721C5A18F4FD8BBE6D5D6 /* NSString+URLEncoding.h */,
				B768B1CB2DEA43C18B7A2EB4 /* SocialSharing.h */,
				474663D667664B77BBA8E183 /* Toast+UIView.m */,
				7526A679B0DB481AB04C09AA /* Toast.m */,
				EADA427DC31548689C4FC3EB /* Toast+UIView.h */,
				0695C3F8E5394F03B6CD667A /* Toast.h */,
				93C795CC65894EADB299FCE3 /* Diagnostic.m */,
				CFEEF111D3604C9798185192 /* Diagnostic.h */,
				0053B92CEE7F400F858315C4 /* IonicKeyboard.m */,
				0915BE35704B4FA390F6F8A6 /* IonicKeyboard.h */,
			);
			name = Plugins;
			path = "AroundThe OD App/Plugins";
			sourceTree = SOURCE_ROOT;
		};
		EB87FDF11871DA420020F90C /* Staging */ = {
			isa = PBXGroup;
			children = (
				F840E1F0165FE0F500CFE078 /* config.xml */,
				301BF56E109A69640062928A /* www */,
			);
			name = Staging;
			sourceTree = "<group>";
		};
/* End PBXGroup section */

/* Begin PBXNativeTarget section */
		1D6058900D05DD3D006BFB54 /* AroundThe OD App */ = {
			isa = PBXNativeTarget;
			buildConfigurationList = 1D6058960D05DD3E006BFB54 /* Build configuration list for PBXNativeTarget "AroundThe OD App" */;
			buildPhases = (
				304B58A110DAC018002A0835 /* Copy www directory */,
				1D60588D0D05DD3D006BFB54 /* Resources */,
				1D60588E0D05DD3D006BFB54 /* Sources */,
				1D60588F0D05DD3D006BFB54 /* Frameworks */,
			);
			buildRules = (
			);
			dependencies = (
				301BF551109A68C00062928A /* PBXTargetDependency */,
			);
			name = "AroundThe OD App";
			productName = "AroundThe OD App";
			productReference = 1D6058910D05DD3D006BFB54 /* AroundThe OD App.app */;
			productType = "com.apple.product-type.application";
		};
/* End PBXNativeTarget section */

/* Begin PBXProject section */
		29B97313FDCFA39411CA2CEA /* Project object */ = {
			isa = PBXProject;
			attributes = {
				LastUpgradeCheck = 510;
			};
			buildConfigurationList = C01FCF4E08A954540054247B /* Build configuration list for PBXProject "__NON-CLI__" */;
			compatibilityVersion = "Xcode 3.2";
			developmentRegion = English;
			hasScannedForEncodings = 1;
			mainGroup = 29B97314FDCFA39411CA2CEA /* CustomTemplate */;
			projectDirPath = "";
			projectReferences = (
				{
					ProductGroup = 301BF52E109A57CC0062928A /* Products */;
					ProjectRef = 301BF52D109A57CC0062928A /* CordovaLib.xcodeproj */;
				},
			);
			projectRoot = "";
			targets = (
				1D6058900D05DD3D006BFB54 /* AroundThe OD App */,
			);
		};
/* End PBXProject section */

/* Begin PBXReferenceProxy section */
		301BF535109A57CC0062928A /* libCordova.a */ = {
			isa = PBXReferenceProxy;
			fileType = archive.ar;
			path = libCordova.a;
			remoteRef = 301BF534109A57CC0062928A /* PBXContainerItemProxy */;
			sourceTree = BUILT_PRODUCTS_DIR;
		};
/* End PBXReferenceProxy section */

/* Begin PBXResourcesBuildPhase section */
		1D60588D0D05DD3D006BFB54 /* Resources */ = {
			isa = PBXResourcesBuildPhase;
			buildActionMask = 2147483647;
			files = (
				302D95F214D2391D003F00A1 /* MainViewController.xib in Resources */,
				3047A5131AB8059700498E2A /* build-release.xcconfig in Resources */,
				3047A5141AB8059700498E2A /* build.xcconfig in Resources */,
				0207DA581B56EA530066E2B4 /* Images.xcassets in Resources */,
				3047A5121AB8059700498E2A /* build-debug.xcconfig in Resources */,
				683D3ED0526345F291E9015B /* appbeep.wav in Resources */,
			);
			runOnlyForDeploymentPostprocessing = 0;
		};
/* End PBXResourcesBuildPhase section */

/* Begin PBXShellScriptBuildPhase section */
		304B58A110DAC018002A0835 /* Copy www directory */ = {
			isa = PBXShellScriptBuildPhase;
			buildActionMask = 2147483647;
			files = (
			);
			inputPaths = (
			);
			name = "Copy www directory";
			outputPaths = (
			);
			runOnlyForDeploymentPostprocessing = 0;
			shellPath = /bin/sh;
			shellScript = "NODEJS_PATH=/usr/local/bin; NVM_NODE_PATH=~/.nvm/versions/node/`nvm version 2>/dev/null`/bin; N_NODE_PATH=`find /usr/local/n/versions/node/* -maxdepth 0 -type d 2>/dev/null | tail -1`/bin; XCODE_NODE_PATH=`xcode-select --print-path`/usr/share/xcs/Node/bin; PATH=$NODEJS_PATH:$NVM_NODE_PATH:$N_NODE_PATH:$XCODE_NODE_PATH:$PATH && node cordova/lib/copy-www-build-step.js";
			showEnvVarsInLog = 0;
		};
/* End PBXShellScriptBuildPhase section */

/* Begin PBXSourcesBuildPhase section */
		1D60588E0D05DD3D006BFB54 /* Sources */ = {
			isa = PBXSourcesBuildPhase;
			buildActionMask = 2147483647;
			files = (
				1D60589B0D05DD56006BFB54 /* main.m in Sources */,
				1D3623260D0F684500981E51 /* AppDelegate.m in Sources */,
				302D95F114D2391D003F00A1 /* MainViewController.m in Sources */,
				26EEA9B91576405483346C0F /* CDVDevice.m in Sources */,
				3C0326749D194B1CB2B628F3 /* APPBackgroundMode.m in Sources */,
				DBFAF45698624823882087AB /* APPMethodMagic.m in Sources */,
				1BE82A8871FE420C919065AF /* CDVLogger.m in Sources */,
				8A27BAEAFBAA47F1BEA54BB0 /* FacebookConnectPlugin.m in Sources */,
				01EFE874803B4991AA01CEDE /* CDVLocation.m in Sources */,
				2FDDE22A6A81457AA8DEF9C8 /* GooglePlus.m in Sources */,
				3668BD0A7C89428B8D27F7DF /* CDVInAppBrowser.m in Sources */,
				CCF9F20A40624BC48454754F /* CDVSplashScreen.m in Sources */,
				5F4D170FB8D142D29C2A865B /* CDVViewController+SplashScreen.m in Sources */,
				31537DBFD1EB4A81A0FBF538 /* CDVStatusBar.m in Sources */,
				65BB3A0021FD429D843F5DE8 /* NSString+URLEncoding.m in Sources */,
				EA99BC14B0E94CF8A4EACDAF /* SocialSharing.m in Sources */,
				35C60ECA112145B694A7D2E2 /* Toast+UIView.m in Sources */,
				784DFECBED6C495A868297AD /* Toast.m in Sources */,
				BB940A8D18FA44E18C64237B /* Diagnostic.m in Sources */,
				F8ACBF91EF114BBE9B774A62 /* IonicKeyboard.m in Sources */,
			);
			runOnlyForDeploymentPostprocessing = 0;
		};
/* End PBXSourcesBuildPhase section */

/* Begin PBXTargetDependency section */
		301BF551109A68C00062928A /* PBXTargetDependency */ = {
			isa = PBXTargetDependency;
			name = CordovaLib;
			targetProxy = 301BF550109A68C00062928A /* PBXContainerItemProxy */;
		};
/* End PBXTargetDependency section */

/* Begin XCBuildConfiguration section */
		1D6058940D05DD3E006BFB54 /* Debug */ = {
			isa = XCBuildConfiguration;
			baseConfigurationReference = 3047A50F1AB8059700498E2A /* build-debug.xcconfig */;
			buildSettings = {
				ALWAYS_SEARCH_USER_PATHS = NO;
				ASSETCATALOG_COMPILER_APPICON_NAME = AppIcon;
				ASSETCATALOG_COMPILER_LAUNCHIMAGE_NAME = LaunchImage;
				CLANG_ENABLE_MODULES = YES;
				CLANG_ENABLE_OBJC_ARC = YES;
				COPY_PHASE_STRIP = NO;
				GCC_DYNAMIC_NO_PIC = NO;
				GCC_OPTIMIZATION_LEVEL = 0;
				GCC_PRECOMPILE_PREFIX_HEADER = YES;
				GCC_PREFIX_HEADER = "AroundThe OD App/AroundThe OD App-Prefix.pch";
				GCC_THUMB_SUPPORT = NO;
				GCC_VERSION = "";
				INFOPLIST_FILE = "AroundThe OD App/AroundThe OD App-Info.plist";
				LD_RUNPATH_SEARCH_PATHS = "@executable_path/Frameworks";
				PRODUCT_NAME = "AroundThe OD App";
				FRAMEWORK_SEARCH_PATHS = (
					"$(inherited)",
					"\"AroundThe OD App/Plugins/cordova-plugin-facebook4\"",
					"\"AroundThe OD App/Plugins/cordova-plugin-facebook4\"",
					"\"AroundThe OD App/Plugins/cordova-plugin-facebook4\"",
					"\"AroundThe OD App/Plugins/cordova-plugin-facebook4\"",
					"\"AroundThe OD App/Plugins/cordova-plugin-googleplus\"",
					"\"AroundThe OD App/Plugins/cordova-plugin-googleplus\"",
					"\"AroundThe OD App/Plugins/cordova-plugin-googleplus\"",
					"\"AroundThe OD App/Plugins/cordova-plugin-googleplus\"",
					"\"AroundThe OD App/Plugins/cordova-plugin-googleplus\"",
					"\"AroundThe OD App/Plugins/cordova-plugin-googleplus\"",
				);
			};
			name = Debug;
		};
		1D6058950D05DD3E006BFB54 /* Release */ = {
			isa = XCBuildConfiguration;
			baseConfigurationReference = 3047A5101AB8059700498E2A /* build-release.xcconfig */;
			buildSettings = {
				ALWAYS_SEARCH_USER_PATHS = NO;
				ASSETCATALOG_COMPILER_APPICON_NAME = AppIcon;
				ASSETCATALOG_COMPILER_LAUNCHIMAGE_NAME = LaunchImage;
				CLANG_ENABLE_MODULES = YES;
				CLANG_ENABLE_OBJC_ARC = YES;
				COPY_PHASE_STRIP = YES;
				GCC_PRECOMPILE_PREFIX_HEADER = YES;
				GCC_PREFIX_HEADER = "AroundThe OD App/AroundThe OD App-Prefix.pch";
				GCC_THUMB_SUPPORT = NO;
				GCC_VERSION = "";
				INFOPLIST_FILE = "AroundThe OD App/AroundThe OD App-Info.plist";
				PRODUCT_NAME = "AroundThe OD App";
				FRAMEWORK_SEARCH_PATHS = (
					"$(inherited)",
					"\"AroundThe OD App/Plugins/cordova-plugin-facebook4\"",
					"\"AroundThe OD App/Plugins/cordova-plugin-facebook4\"",
					"\"AroundThe OD App/Plugins/cordova-plugin-facebook4\"",
					"\"AroundThe OD App/Plugins/cordova-plugin-facebook4\"",
					"\"AroundThe OD App/Plugins/cordova-plugin-googleplus\"",
					"\"AroundThe OD App/Plugins/cordova-plugin-googleplus\"",
					"\"AroundThe OD App/Plugins/cordova-plugin-googleplus\"",
					"\"AroundThe OD App/Plugins/cordova-plugin-googleplus\"",
					"\"AroundThe OD App/Plugins/cordova-plugin-googleplus\"",
					"\"AroundThe OD App/Plugins/cordova-plugin-googleplus\"",
				);
			};
			name = Release;
		};
		C01FCF4F08A954540054247B /* Debug */ = {
			isa = XCBuildConfiguration;
			baseConfigurationReference = 3047A5111AB8059700498E2A /* build.xcconfig */;
			buildSettings = {
				CLANG_ENABLE_MODULES = YES;
				CLANG_ENABLE_OBJC_ARC = YES;
				CLANG_WARN_BOOL_CONVERSION = YES;
				CLANG_WARN_CONSTANT_CONVERSION = YES;
				CLANG_WARN_EMPTY_BODY = YES;
				CLANG_WARN_ENUM_CONVERSION = YES;
				CLANG_WARN_INT_CONVERSION = YES;
				CLANG_WARN__DUPLICATE_METHOD_MATCH = YES;
				GCC_C_LANGUAGE_STANDARD = c99;
				GCC_THUMB_SUPPORT = NO;
				GCC_VERSION = "";
				GCC_WARN_ABOUT_RETURN_TYPE = YES;
				GCC_WARN_UNDECLARED_SELECTOR = YES;
				GCC_WARN_UNINITIALIZED_AUTOS = YES;
				GCC_WARN_UNUSED_FUNCTION = YES;
				GCC_WARN_UNUSED_VARIABLE = YES;
				ONLY_ACTIVE_ARCH = YES;
				SDKROOT = iphoneos;
				SKIP_INSTALL = NO;
			};
			name = Debug;
		};
		C01FCF5008A954540054247B /* Release */ = {
			isa = XCBuildConfiguration;
			baseConfigurationReference = 3047A5111AB8059700498E2A /* build.xcconfig */;
			buildSettings = {
				CLANG_ENABLE_MODULES = YES;
				CLANG_ENABLE_OBJC_ARC = YES;
				CLANG_WARN_BOOL_CONVERSION = YES;
				CLANG_WARN_CONSTANT_CONVERSION = YES;
				CLANG_WARN_EMPTY_BODY = YES;
				CLANG_WARN_ENUM_CONVERSION = YES;
				CLANG_WARN_INT_CONVERSION = YES;
				CLANG_WARN__DUPLICATE_METHOD_MATCH = YES;
				GCC_C_LANGUAGE_STANDARD = c99;
				GCC_THUMB_SUPPORT = NO;
				GCC_VERSION = "";
				GCC_WARN_ABOUT_RETURN_TYPE = YES;
				GCC_WARN_UNDECLARED_SELECTOR = YES;
				GCC_WARN_UNINITIALIZED_AUTOS = YES;
				GCC_WARN_UNUSED_FUNCTION = YES;
				GCC_WARN_UNUSED_VARIABLE = YES;
				SDKROOT = iphoneos;
				SKIP_INSTALL = NO;
			};
			name = Release;
		};
/* End XCBuildConfiguration section */

/* Begin XCConfigurationList section */
		1D6058960D05DD3E006BFB54 /* Build configuration list for PBXNativeTarget "AroundThe OD App" */ = {
			isa = XCConfigurationList;
			buildConfigurations = (
				1D6058940D05DD3E006BFB54 /* Debug */,
				1D6058950D05DD3E006BFB54 /* Release */,
			);
			defaultConfigurationIsVisible = 0;
			defaultConfigurationName = Release;
		};
		C01FCF4E08A954540054247B /* Build configuration list for PBXProject "__NON-CLI__" */ = {
			isa = XCConfigurationList;
			buildConfigurations = (
				C01FCF4F08A954540054247B /* Debug */,
				C01FCF5008A954540054247B /* Release */,
			);
			defaultConfigurationIsVisible = 0;
			defaultConfigurationName = Release;
		};
/* End XCConfigurationList section */
	};
	rootObject = 29B97313FDCFA39411CA2CEA /* Project object */;
}
